
Microsoft Visual Studio Solution File, Format Version 12.00
# Visual Studio 14
VisualStudioVersion = 14.0.24720.0
MinimumVisualStudioVersion = 10.0.40219.1
Project("{FAE04EC0-301F-11D3-BF4B-00C04F79EFBC}") = "WcfService1", "WcfService1\WcfService1.csproj", "{D20AED72-F47A-4FB9-85C3-74D1D3138200}"
EndProject
Project("{FAE04EC0-301F-11D3-BF4B-00C04F79EFBC}") = "WcfService1.Client", "WcfService1.Client\WcfService1.Client.csproj", "{CC4E9B6B-935B-4386-8E2D-D8487AB98986}"
	ProjectSection(ProjectDependencies) = postProject
		{D20AED72-F47A-4FB9-85C3-74D1D3138200} = {D20AED72-F47A-4FB9-85C3-74D1D3138200}
	EndProjectSection
EndProject
Project("{FAE04EC0-301F-11D3-BF4B-00C04F79EFBC}") = "Netflix.Service", "Netflix.Service\Netflix.Service.csproj", "{79D62A13-43CF-46B3-96BC-194F13AAA93F}"
EndProject
Project("{FAE04EC0-301F-11D3-BF4B-00C04F79EFBC}") = "Netflix.Service.Tests", "Netflix.Service.Tests\Netflix.Service.Tests.csproj", "{AE84694F-A89A-493A-9DF4-3B22F5EA298F}"
EndProject
Project("{FAE04EC0-301F-11D3-BF4B-00C04F79EFBC}") = "Netflix.ServiceContract", "Netflix.ServiceContract\Netflix.ServiceContract.csproj", "{67D6B6E6-0539-4D20-82A9-08F2FECDB44B}"
EndProject
Project("{FAE04EC0-301F-11D3-BF4B-00C04F79EFBC}") = "Netflix.Host", "Netflix.Host\Netflix.Host.csproj", "{5C568982-1991-4A1B-97AD-C111017C570D}"
EndProject
Project("{FAE04EC0-301F-11D3-BF4B-00C04F79EFBC}") = "Netflix.Console", "Netflix.Console\Netflix.Console.csproj", "{3C0C8522-6B1E-40DC-A726-78D23D92D8C3}"
EndProject
Project("{FAE04EC0-301F-11D3-BF4B-00C04F79EFBC}") = "Netflix.DataContracts", "Netflix.DataContracts\Netflix.DataContracts.csproj", "{2FE5279F-3360-47D7-A880-4B63471AF5FD}"
EndProject
Project("{FAE04EC0-301F-11D3-BF4B-00C04F79EFBC}") = "Discovery.Contracts", "Discovery.Contracts\Discovery.Contracts.csproj", "{EF6E3904-E2E9-4B04-9437-B59612EF4939}"
EndProject
Project("{FAE04EC0-301F-11D3-BF4B-00C04F79EFBC}") = "Discovery.Service", "Discovery.Service\Discovery.Service.csproj", "{FF1029DA-2256-4A9D-8995-4D3F9FF97232}"
EndProject
Project("{FAE04EC0-301F-11D3-BF4B-00C04F79EFBC}") = "Discovery.Service.Tests", "Discovery.Service.Tests\Discovery.Service.Tests.csproj", "{2E5E421F-7FD7-4B8F-9638-09C8F757D8DE}"
EndProject
Project("{FAE04EC0-301F-11D3-BF4B-00C04F79EFBC}") = "Discovery.Host", "Discovery.Host\Discovery.Host.csproj", "{13956E29-4C76-44FB-8F1E-953BD8EA6156}"
EndProject
Project("{FAE04EC0-301F-11D3-BF4B-00C04F79EFBC}") = "Discovery.Console", "Discovery.Console\Discovery.Console.csproj", "{C1A861BE-713C-4BE4-A0AA-42A34B0A0A8F}"
	ProjectSection(ProjectDependencies) = postProject
		{13956E29-4C76-44FB-8F1E-953BD8EA6156} = {13956E29-4C76-44FB-8F1E-953BD8EA6156}
	EndProjectSection
EndProject
Global
	GlobalSection(SolutionConfigurationPlatforms) = preSolution
		Debug|Any CPU = Debug|Any CPU
		Release|Any CPU = Release|Any CPU
	EndGlobalSection
	GlobalSection(ProjectConfigurationPlatforms) = postSolution
		{D20AED72-F47A-4FB9-85C3-74D1D3138200}.Debug|Any CPU.ActiveCfg = Debug|Any CPU
		{D20AED72-F47A-4FB9-85C3-74D1D3138200}.Debug|Any CPU.Build.0 = Debug|Any CPU
		{D20AED72-F47A-4FB9-85C3-74D1D3138200}.Release|Any CPU.ActiveCfg = Release|Any CPU
		{D20AED72-F47A-4FB9-85C3-74D1D3138200}.Release|Any CPU.Build.0 = Release|Any CPU
		{CC4E9B6B-935B-4386-8E2D-D8487AB98986}.Debug|Any CPU.ActiveCfg = Debug|Any CPU
		{CC4E9B6B-935B-4386-8E2D-D8487AB98986}.Debug|Any CPU.Build.0 = Debug|Any CPU
		{CC4E9B6B-935B-4386-8E2D-D8487AB98986}.Release|Any CPU.ActiveCfg = Release|Any CPU
		{CC4E9B6B-935B-4386-8E2D-D8487AB98986}.Release|Any CPU.Build.0 = Release|Any CPU
		{79D62A13-43CF-46B3-96BC-194F13AAA93F}.Debug|Any CPU.ActiveCfg = Debug|Any CPU
		{79D62A13-43CF-46B3-96BC-194F13AAA93F}.Debug|Any CPU.Build.0 = Debug|Any CPU
		{79D62A13-43CF-46B3-96BC-194F13AAA93F}.Release|Any CPU.ActiveCfg = Release|Any CPU
		{79D62A13-43CF-46B3-96BC-194F13AAA93F}.Release|Any CPU.Build.0 = Release|Any CPU
		{AE84694F-A89A-493A-9DF4-3B22F5EA298F}.Debug|Any CPU.ActiveCfg = Debug|Any CPU
		{AE84694F-A89A-493A-9DF4-3B22F5EA298F}.Debug|Any CPU.Build.0 = Debug|Any CPU
		{AE84694F-A89A-493A-9DF4-3B22F5EA298F}.Release|Any CPU.ActiveCfg = Release|Any CPU
		{AE84694F-A89A-493A-9DF4-3B22F5EA298F}.Release|Any CPU.Build.0 = Release|Any CPU
		{67D6B6E6-0539-4D20-82A9-08F2FECDB44B}.Debug|Any CPU.ActiveCfg = Debug|Any CPU
		{67D6B6E6-0539-4D20-82A9-08F2FECDB44B}.Debug|Any CPU.Build.0 = Debug|Any CPU
		{67D6B6E6-0539-4D20-82A9-08F2FECDB44B}.Release|Any CPU.ActiveCfg = Release|Any CPU
		{67D6B6E6-0539-4D20-82A9-08F2FECDB44B}.Release|Any CPU.Build.0 = Release|Any CPU
		{5C568982-1991-4A1B-97AD-C111017C570D}.Debug|Any CPU.ActiveCfg = Debug|Any CPU
		{5C568982-1991-4A1B-97AD-C111017C570D}.Debug|Any CPU.Build.0 = Debug|Any CPU
		{5C568982-1991-4A1B-97AD-C111017C570D}.Release|Any CPU.ActiveCfg = Release|Any CPU
		{5C568982-1991-4A1B-97AD-C111017C570D}.Release|Any CPU.Build.0 = Release|Any CPU
		{3C0C8522-6B1E-40DC-A726-78D23D92D8C3}.Debug|Any CPU.ActiveCfg = Debug|Any CPU
		{3C0C8522-6B1E-40DC-A726-78D23D92D8C3}.Debug|Any CPU.Build.0 = Debug|Any CPU
		{3C0C8522-6B1E-40DC-A726-78D23D92D8C3}.Release|Any CPU.ActiveCfg = Release|Any CPU
		{3C0C8522-6B1E-40DC-A726-78D23D92D8C3}.Release|Any CPU.Build.0 = Release|Any CPU
		{2FE5279F-3360-47D7-A880-4B63471AF5FD}.Debug|Any CPU.ActiveCfg = Debug|Any CPU
		{2FE5279F-3360-47D7-A880-4B63471AF5FD}.Debug|Any CPU.Build.0 = Debug|Any CPU
		{2FE5279F-3360-47D7-A880-4B63471AF5FD}.Release|Any CPU.ActiveCfg = Release|Any CPU
		{2FE5279F-3360-47D7-A880-4B63471AF5FD}.Release|Any CPU.Build.0 = Release|Any CPU
		{EF6E3904-E2E9-4B04-9437-B59612EF4939}.Debug|Any CPU.ActiveCfg = Debug|Any CPU
		{EF6E3904-E2E9-4B04-9437-B59612EF4939}.Debug|Any CPU.Build.0 = Debug|Any CPU
		{EF6E3904-E2E9-4B04-9437-B59612EF4939}.Release|Any CPU.ActiveCfg = Release|Any CPU
		{EF6E3904-E2E9-4B04-9437-B59612EF4939}.Release|Any CPU.Build.0 = Release|Any CPU
		{FF1029DA-2256-4A9D-8995-4D3F9FF97232}.Debug|Any CPU.ActiveCfg = Debug|Any CPU
		{FF1029DA-2256-4A9D-8995-4D3F9FF97232}.Debug|Any CPU.Build.0 = Debug|Any CPU
		{FF1029DA-2256-4A9D-8995-4D3F9FF97232}.Release|Any CPU.ActiveCfg = Release|Any CPU
		{FF1029DA-2256-4A9D-8995-4D3F9FF97232}.Release|Any CPU.Build.0 = Release|Any CPU
		{2E5E421F-7FD7-4B8F-9638-09C8F757D8DE}.Debug|Any CPU.ActiveCfg = Debug|Any CPU
		{2E5E421F-7FD7-4B8F-9638-09C8F757D8DE}.Debug|Any CPU.Build.0 = Debug|Any CPU
		{2E5E421F-7FD7-4B8F-9638-09C8F757D8DE}.Release|Any CPU.ActiveCfg = Release|Any CPU
		{2E5E421F-7FD7-4B8F-9638-09C8F757D8DE}.Release|Any CPU.Build.0 = Release|Any CPU
		{13956E29-4C76-44FB-8F1E-953BD8EA6156}.Debug|Any CPU.ActiveCfg = Debug|Any CPU
		{13956E29-4C76-44FB-8F1E-953BD8EA6156}.Debug|Any CPU.Build.0 = Debug|Any CPU
		{13956E29-4C76-44FB-8F1E-953BD8EA6156}.Release|Any CPU.ActiveCfg = Release|Any CPU
		{13956E29-4C76-44FB-8F1E-953BD8EA6156}.Release|Any CPU.Build.0 = Release|Any CPU
		{C1A861BE-713C-4BE4-A0AA-42A34B0A0A8F}.Debug|Any CPU.ActiveCfg = Debug|Any CPU
		{C1A861BE-713C-4BE4-A0AA-42A34B0A0A8F}.Debug|Any CPU.Build.0 = Debug|Any CPU
		{C1A861BE-713C-4BE4-A0AA-42A34B0A0A8F}.Release|Any CPU.ActiveCfg = Release|Any CPU
		{C1A861BE-713C-4BE4-A0AA-42A34B0A0A8F}.Release|Any CPU.Build.0 = Release|Any CPU
	EndGlobalSection
	GlobalSection(SolutionProperties) = preSolution
		HideSolutionNode = FALSE
	EndGlobalSection
EndGlobal
